// !$*UTF8*$!
{
	archiveVersion = 1;
	classes = {
	};
	objectVersion = 56;
	objects = {

/* Begin PBXBuildFile section */
		E580B0E62CC7B4EA001916AD /* README.md in Resources */ = {isa = PBXBuildFile; fileRef = E580B0E52CC7B4EA001916AD /* README.md */; };
		E5DB47712CC7263300640C33 /* DeviceInsightKit.docc in Sources */ = {isa = PBXBuildFile; fileRef = E5DB47702CC7263300640C33 /* DeviceInsightKit.docc */; };
		E5DB47772CC7263300640C33 /* DeviceInsightKit.framework in Frameworks */ = {isa = PBXBuildFile; fileRef = E5DB476C2CC7263300640C33 /* DeviceInsightKit.framework */; };
		E5DB477C2CC7263300640C33 /* DeviceInsightKitTests.swift in Sources */ = {isa = PBXBuildFile; fileRef = E5DB477B2CC7263300640C33 /* DeviceInsightKitTests.swift */; };
		E5DB477D2CC7263300640C33 /* DeviceInsightKit.h in Headers */ = {isa = PBXBuildFile; fileRef = E5DB476F2CC7263300640C33 /* DeviceInsightKit.h */; settings = {ATTRIBUTES = (Public, ); }; };
		E5DB47872CC7265400640C33 /* DeviceInsightKit.podspec in Resources */ = {isa = PBXBuildFile; fileRef = E5DB47862CC7265400640C33 /* DeviceInsightKit.podspec */; };
		E5DB47892CC7269700640C33 /* LICENSE in Resources */ = {isa = PBXBuildFile; fileRef = E5DB47882CC7269700640C33 /* LICENSE */; };
		E5DB478B2CC726EE00640C33 /* DeviceInsight.swift in Sources */ = {isa = PBXBuildFile; fileRef = E5DB478A2CC726EE00640C33 /* DeviceInsight.swift */; };
		E5DB478D2CC7270000640C33 /* CoreAccesser.swift in Sources */ = {isa = PBXBuildFile; fileRef = E5DB478C2CC7270000640C33 /* CoreAccesser.swift */; };
		E5DB478F2CC7279E00640C33 /* CoreAccesserTests.swift in Sources */ = {isa = PBXBuildFile; fileRef = E5DB478E2CC7279E00640C33 /* CoreAccesserTests.swift */; };
		E5DB47972CC7296500640C33 /* AppDelegate.swift in Sources */ = {isa = PBXBuildFile; fileRef = E5DB47962CC7296500640C33 /* AppDelegate.swift */; };
		E5DB47992CC7296500640C33 /* SceneDelegate.swift in Sources */ = {isa = PBXBuildFile; fileRef = E5DB47982CC7296500640C33 /* SceneDelegate.swift */; };
		E5DB479B2CC7296500640C33 /* ViewController.swift in Sources */ = {isa = PBXBuildFile; fileRef = E5DB479A2CC7296500640C33 /* ViewController.swift */; };
		E5DB479E2CC7296500640C33 /* Base in Resources */ = {isa = PBXBuildFile; fileRef = E5DB479D2CC7296500640C33 /* Base */; };
		E5DB47A02CC7296700640C33 /* Assets.xcassets in Resources */ = {isa = PBXBuildFile; fileRef = E5DB479F2CC7296700640C33 /* Assets.xcassets */; };
		E5DB47A32CC7296700640C33 /* Base in Resources */ = {isa = PBXBuildFile; fileRef = E5DB47A22CC7296700640C33 /* Base */; };
		E5DB47A82CC7299500640C33 /* DeviceInsight.swift in Sources */ = {isa = PBXBuildFile; fileRef = E5DB478A2CC726EE00640C33 /* DeviceInsight.swift */; };
		E5DB47A92CC7299700640C33 /* CoreAccesser.swift in Sources */ = {isa = PBXBuildFile; fileRef = E5DB478C2CC7270000640C33 /* CoreAccesser.swift */; };
/* End PBXBuildFile section */

/* Begin PBXContainerItemProxy section */
		E5DB47782CC7263300640C33 /* PBXContainerItemProxy */ = {
			isa = PBXContainerItemProxy;
			containerPortal = E5DB47632CC7263300640C33 /* Project object */;
			proxyType = 1;
			remoteGlobalIDString = E5DB476B2CC7263300640C33;
			remoteInfo = DeviceInsightKit;
		};
/* End PBXContainerItemProxy section */

/* Begin PBXFileReference section */
		E580B0E52CC7B4EA001916AD /* README.md */ = {isa = PBXFileReference; lastKnownFileType = net.daringfireball.markdown; path = README.md; sourceTree = "<group>"; };
		E5DB476C2CC7263300640C33 /* DeviceInsightKit.framework */ = {isa = PBXFileReference; explicitFileType = wrapper.framework; includeInIndex = 0; path = DeviceInsightKit.framework; sourceTree = BUILT_PRODUCTS_DIR; };
		E5DB476F2CC7263300640C33 /* DeviceInsightKit.h */ = {isa = PBXFileReference; lastKnownFileType = sourcecode.c.h; path = DeviceInsightKit.h; sourceTree = "<group>"; };
		E5DB47702CC7263300640C33 /* DeviceInsightKit.docc */ = {isa = PBXFileReference; lastKnownFileType = folder.documentationcatalog; path = DeviceInsightKit.docc; sourceTree = "<group>"; };
		E5DB47762CC7263300640C33 /* DeviceInsightKitTests.xctest */ = {isa = PBXFileReference; explicitFileType = wrapper.cfbundle; includeInIndex = 0; path = DeviceInsightKitTests.xctest; sourceTree = BUILT_PRODUCTS_DIR; };
		E5DB477B2CC7263300640C33 /* DeviceInsightKitTests.swift */ = {isa = PBXFileReference; lastKnownFileType = sourcecode.swift; path = DeviceInsightKitTests.swift; sourceTree = "<group>"; };
		E5DB47862CC7265400640C33 /* DeviceInsightKit.podspec */ = {isa = PBXFileReference; lastKnownFileType = text; path = DeviceInsightKit.podspec; sourceTree = "<group>"; };
		E5DB47882CC7269700640C33 /* LICENSE */ = {isa = PBXFileReference; lastKnownFileType = text; path = LICENSE; sourceTree = "<group>"; };
		E5DB478A2CC726EE00640C33 /* DeviceInsight.swift */ = {isa = PBXFileReference; lastKnownFileType = sourcecode.swift; path = DeviceInsight.swift; sourceTree = "<group>"; };
		E5DB478C2CC7270000640C33 /* CoreAccesser.swift */ = {isa = PBXFileReference; lastKnownFileType = sourcecode.swift; path = CoreAccesser.swift; sourceTree = "<group>"; };
		E5DB478E2CC7279E00640C33 /* CoreAccesserTests.swift */ = {isa = PBXFileReference; lastKnownFileType = sourcecode.swift; path = CoreAccesserTests.swift; sourceTree = "<group>"; };
		E5DB47942CC7296500640C33 /* DeviceInsightKitSampleApp.app */ = {isa = PBXFileReference; explicitFileType = wrapper.application; includeInIndex = 0; path = DeviceInsightKitSampleApp.app; sourceTree = BUILT_PRODUCTS_DIR; };
		E5DB47962CC7296500640C33 /* AppDelegate.swift */ = {isa = PBXFileReference; lastKnownFileType = sourcecode.swift; path = AppDelegate.swift; sourceTree = "<group>"; };
		E5DB47982CC7296500640C33 /* SceneDelegate.swift */ = {isa = PBXFileReference; lastKnownFileType = sourcecode.swift; path = SceneDelegate.swift; sourceTree = "<group>"; };
		E5DB479A2CC7296500640C33 /* ViewController.swift */ = {isa = PBXFileReference; lastKnownFileType = sourcecode.swift; path = ViewController.swift; sourceTree = "<group>"; };
		E5DB479D2CC7296500640C33 /* Base */ = {isa = PBXFileReference; lastKnownFileType = file.storyboard; name = Base; path = Base.lproj/Main.storyboard; sourceTree = "<group>"; };
		E5DB479F2CC7296700640C33 /* Assets.xcassets */ = {isa = PBXFileReference; lastKnownFileType = folder.assetcatalog; path = Assets.xcassets; sourceTree = "<group>"; };
		E5DB47A22CC7296700640C33 /* Base */ = {isa = PBXFileReference; lastKnownFileType = file.storyboard; name = Base; path = Base.lproj/LaunchScreen.storyboard; sourceTree = "<group>"; };
		E5DB47A42CC7296700640C33 /* Info.plist */ = {isa = PBXFileReference; lastKnownFileType = text.plist.xml; path = Info.plist; sourceTree = "<group>"; };
/* End PBXFileReference section */

/* Begin PBXFrameworksBuildPhase section */
		E5DB47692CC7263300640C33 /* Frameworks */ = {
			isa = PBXFrameworksBuildPhase;
			buildActionMask = 2147483647;
			files = (
			);
			runOnlyForDeploymentPostprocessing = 0;
		};
		E5DB47732CC7263300640C33 /* Frameworks */ = {
			isa = PBXFrameworksBuildPhase;
			buildActionMask = 2147483647;
			files = (
				E5DB47772CC7263300640C33 /* DeviceInsightKit.framework in Frameworks */,
			);
			runOnlyForDeploymentPostprocessing = 0;
		};
		E5DB47912CC7296500640C33 /* Frameworks */ = {
			isa = PBXFrameworksBuildPhase;
			buildActionMask = 2147483647;
			files = (
			);
			runOnlyForDeploymentPostprocessing = 0;
		};
/* End PBXFrameworksBuildPhase section */

/* Begin PBXGroup section */
		E5DB47622CC7263300640C33 = {
			isa = PBXGroup;
			children = (
				E5DB47862CC7265400640C33 /* DeviceInsightKit.podspec */,
				E5DB47882CC7269700640C33 /* LICENSE */,
				E580B0E52CC7B4EA001916AD /* README.md */,
				E5DB476E2CC7263300640C33 /* DeviceInsightKit */,
				E5DB477A2CC7263300640C33 /* DeviceInsightKitTests */,
				E5DB47952CC7296500640C33 /* DeviceInsightKitSampleApp */,
				E5DB476D2CC7263300640C33 /* Products */,
			);
			sourceTree = "<group>";
		};
		E5DB476D2CC7263300640C33 /* Products */ = {
			isa = PBXGroup;
			children = (
				E5DB476C2CC7263300640C33 /* DeviceInsightKit.framework */,
				E5DB47762CC7263300640C33 /* DeviceInsightKitTests.xctest */,
				E5DB47942CC7296500640C33 /* DeviceInsightKitSampleApp.app */,
			);
			name = Products;
			sourceTree = "<group>";
		};
		E5DB476E2CC7263300640C33 /* DeviceInsightKit */ = {
			isa = PBXGroup;
			children = (
				E5DB476F2CC7263300640C33 /* DeviceInsightKit.h */,
				E5DB47702CC7263300640C33 /* DeviceInsightKit.docc */,
				E5DB478A2CC726EE00640C33 /* DeviceInsight.swift */,
				E5DB478C2CC7270000640C33 /* CoreAccesser.swift */,
			);
			path = DeviceInsightKit;
			sourceTree = "<group>";
		};
		E5DB477A2CC7263300640C33 /* DeviceInsightKitTests */ = {
			isa = PBXGroup;
			children = (
				E5DB477B2CC7263300640C33 /* DeviceInsightKitTests.swift */,
				E5DB478E2CC7279E00640C33 /* CoreAccesserTests.swift */,
			);
			path = DeviceInsightKitTests;
			sourceTree = "<group>";
		};
		E5DB47952CC7296500640C33 /* DeviceInsightKitSampleApp */ = {
			isa = PBXGroup;
			children = (
				E5DB47962CC7296500640C33 /* AppDelegate.swift */,
				E5DB47982CC7296500640C33 /* SceneDelegate.swift */,
				E5DB479A2CC7296500640C33 /* ViewController.swift */,
				E5DB479C2CC7296500640C33 /* Main.storyboard */,
				E5DB479F2CC7296700640C33 /* Assets.xcassets */,
				E5DB47A12CC7296700640C33 /* LaunchScreen.storyboard */,
				E5DB47A42CC7296700640C33 /* Info.plist */,
			);
			path = DeviceInsightKitSampleApp;
			sourceTree = "<group>";
		};
/* End PBXGroup section */

/* Begin PBXHeadersBuildPhase section */
		E5DB47672CC7263300640C33 /* Headers */ = {
			isa = PBXHeadersBuildPhase;
			buildActionMask = 2147483647;
			files = (
				E5DB477D2CC7263300640C33 /* DeviceInsightKit.h in Headers */,
			);
			runOnlyForDeploymentPostprocessing = 0;
		};
/* End PBXHeadersBuildPhase section */

/* Begin PBXNativeTarget section */
		E5DB476B2CC7263300640C33 /* DeviceInsightKit */ = {
			isa = PBXNativeTarget;
			buildConfigurationList = E5DB47802CC7263300640C33 /* Build configuration list for PBXNativeTarget "DeviceInsightKit" */;
			buildPhases = (
				E5DB47672CC7263300640C33 /* Headers */,
				E5DB47682CC7263300640C33 /* Sources */,
				E5DB47692CC7263300640C33 /* Frameworks */,
				E5DB476A2CC7263300640C33 /* Resources */,
			);
			buildRules = (
			);
			dependencies = (
			);
			name = DeviceInsightKit;
			productName = DeviceInsightKit;
			productReference = E5DB476C2CC7263300640C33 /* DeviceInsightKit.framework */;
			productType = "com.apple.product-type.framework";
		};
		E5DB47752CC7263300640C33 /* DeviceInsightKitTests */ = {
			isa = PBXNativeTarget;
			buildConfigurationList = E5DB47832CC7263300640C33 /* Build configuration list for PBXNativeTarget "DeviceInsightKitTests" */;
			buildPhases = (
				E5DB47722CC7263300640C33 /* Sources */,
				E5DB47732CC7263300640C33 /* Frameworks */,
				E5DB47742CC7263300640C33 /* Resources */,
			);
			buildRules = (
			);
			dependencies = (
				E5DB47792CC7263300640C33 /* PBXTargetDependency */,
			);
			name = DeviceInsightKitTests;
			productName = DeviceInsightKitTests;
			productReference = E5DB47762CC7263300640C33 /* DeviceInsightKitTests.xctest */;
			productType = "com.apple.product-type.bundle.unit-test";
		};
		E5DB47932CC7296500640C33 /* DeviceInsightKitSampleApp */ = {
			isa = PBXNativeTarget;
			buildConfigurationList = E5DB47A52CC7296700640C33 /* Build configuration list for PBXNativeTarget "DeviceInsightKitSampleApp" */;
			buildPhases = (
				E5DB47902CC7296500640C33 /* Sources */,
				E5DB47912CC7296500640C33 /* Frameworks */,
				E5DB47922CC7296500640C33 /* Resources */,
			);
			buildRules = (
			);
			dependencies = (
			);
			name = DeviceInsightKitSampleApp;
			productName = DeviceInsightKitSampleApp;
			productReference = E5DB47942CC7296500640C33 /* DeviceInsightKitSampleApp.app */;
			productType = "com.apple.product-type.application";
		};
/* End PBXNativeTarget section */

/* Begin PBXProject section */
		E5DB47632CC7263300640C33 /* Project object */ = {
			isa = PBXProject;
			attributes = {
				BuildIndependentTargetsInParallel = 1;
				LastSwiftUpdateCheck = 1540;
				LastUpgradeCheck = 1540;
				TargetAttributes = {
					E5DB476B2CC7263300640C33 = {
						CreatedOnToolsVersion = 15.4;
					};
					E5DB47752CC7263300640C33 = {
						CreatedOnToolsVersion = 15.4;
					};
					E5DB47932CC7296500640C33 = {
						CreatedOnToolsVersion = 15.4;
					};
				};
			};
			buildConfigurationList = E5DB47662CC7263300640C33 /* Build configuration list for PBXProject "DeviceInsightKit" */;
			compatibilityVersion = "Xcode 14.0";
			developmentRegion = en;
			hasScannedForEncodings = 0;
			knownRegions = (
				en,
				Base,
			);
			mainGroup = E5DB47622CC7263300640C33;
			productRefGroup = E5DB476D2CC7263300640C33 /* Products */;
			projectDirPath = "";
			projectRoot = "";
			targets = (
				E5DB476B2CC7263300640C33 /* DeviceInsightKit */,
				E5DB47752CC7263300640C33 /* DeviceInsightKitTests */,
				E5DB47932CC7296500640C33 /* DeviceInsightKitSampleApp */,
			);
		};
/* End PBXProject section */

/* Begin PBXResourcesBuildPhase section */
		E5DB476A2CC7263300640C33 /* Resources */ = {
			isa = PBXResourcesBuildPhase;
			buildActionMask = 2147483647;
			files = (
				E580B0E62CC7B4EA001916AD /* README.md in Resources */,
				E5DB47892CC7269700640C33 /* LICENSE in Resources */,
				E5DB47872CC7265400640C33 /* DeviceInsightKit.podspec in Resources */,
			);
			runOnlyForDeploymentPostprocessing = 0;
		};
		E5DB47742CC7263300640C33 /* Resources */ = {
			isa = PBXResourcesBuildPhase;
			buildActionMask = 2147483647;
			files = (
			);
			runOnlyForDeploymentPostprocessing = 0;
		};
		E5DB47922CC7296500640C33 /* Resources */ = {
			isa = PBXResourcesBuildPhase;
			buildActionMask = 2147483647;
			files = (
				E5DB47A02CC7296700640C33 /* Assets.xcassets in Resources */,
				E5DB47A32CC7296700640C33 /* Base in Resources */,
				E5DB479E2CC7296500640C33 /* Base in Resources */,
			);
			runOnlyForDeploymentPostprocessing = 0;
		};
/* End PBXResourcesBuildPhase section */

/* Begin PBXSourcesBuildPhase section */
		E5DB47682CC7263300640C33 /* Sources */ = {
			isa = PBXSourcesBuildPhase;
			buildActionMask = 2147483647;
			files = (
				E5DB478D2CC7270000640C33 /* CoreAccesser.swift in Sources */,
				E5DB478B2CC726EE00640C33 /* DeviceInsight.swift in Sources */,
				E5DB47712CC7263300640C33 /* DeviceInsightKit.docc in Sources */,
			);
			runOnlyForDeploymentPostprocessing = 0;
		};
		E5DB47722CC7263300640C33 /* Sources */ = {
			isa = PBXSourcesBuildPhase;
			buildActionMask = 2147483647;
			files = (
				E5DB477C2CC7263300640C33 /* DeviceInsightKitTests.swift in Sources */,
				E5DB478F2CC7279E00640C33 /* CoreAccesserTests.swift in Sources */,
			);
			runOnlyForDeploymentPostprocessing = 0;
		};
		E5DB47902CC7296500640C33 /* Sources */ = {
			isa = PBXSourcesBuildPhase;
			buildActionMask = 2147483647;
			files = (
				E5DB47A82CC7299500640C33 /* DeviceInsight.swift in Sources */,
				E5DB479B2CC7296500640C33 /* ViewController.swift in Sources */,
				E5DB47A92CC7299700640C33 /* CoreAccesser.swift in Sources */,
				E5DB47972CC7296500640C33 /* AppDelegate.swift in Sources */,
				E5DB47992CC7296500640C33 /* SceneDelegate.swift in Sources */,
			);
			runOnlyForDeploymentPostprocessing = 0;
		};
/* End PBXSourcesBuildPhase section */

/* Begin PBXTargetDependency section */
		E5DB47792CC7263300640C33 /* PBXTargetDependency */ = {
			isa = PBXTargetDependency;
			target = E5DB476B2CC7263300640C33 /* DeviceInsightKit */;
			targetProxy = E5DB47782CC7263300640C33 /* PBXContainerItemProxy */;
		};
/* End PBXTargetDependency section */

/* Begin PBXVariantGroup section */
		E5DB479C2CC7296500640C33 /* Main.storyboard */ = {
			isa = PBXVariantGroup;
			children = (
				E5DB479D2CC7296500640C33 /* Base */,
			);
			name = Main.storyboard;
			sourceTree = "<group>";
		};
		E5DB47A12CC7296700640C33 /* LaunchScreen.storyboard */ = {
			isa = PBXVariantGroup;
			children = (
				E5DB47A22CC7296700640C33 /* Base */,
			);
			name = LaunchScreen.storyboard;
			sourceTree = "<group>";
		};
/* End PBXVariantGroup section */

/* Begin XCBuildConfiguration section */
		E5DB477E2CC7263300640C33 /* Debug */ = {
			isa = XCBuildConfiguration;
			buildSettings = {
				ALWAYS_SEARCH_USER_PATHS = NO;
				ASSETCATALOG_COMPILER_GENERATE_SWIFT_ASSET_SYMBOL_EXTENSIONS = YES;
				CLANG_ANALYZER_NONNULL = YES;
				CLANG_ANALYZER_NUMBER_OBJECT_CONVERSION = YES_AGGRESSIVE;
				CLANG_CXX_LANGUAGE_STANDARD = "gnu++20";
				CLANG_ENABLE_MODULES = YES;
				CLANG_ENABLE_OBJC_ARC = YES;
				CLANG_ENABLE_OBJC_WEAK = YES;
				CLANG_WARN_BLOCK_CAPTURE_AUTORELEASING = YES;
				CLANG_WARN_BOOL_CONVERSION = YES;
				CLANG_WARN_COMMA = YES;
				CLANG_WARN_CONSTANT_CONVERSION = YES;
				CLANG_WARN_DEPRECATED_OBJC_IMPLEMENTATIONS = YES;
				CLANG_WARN_DIRECT_OBJC_ISA_USAGE = YES_ERROR;
				CLANG_WARN_DOCUMENTATION_COMMENTS = YES;
				CLANG_WARN_EMPTY_BODY = YES;
				CLANG_WARN_ENUM_CONVERSION = YES;
				CLANG_WARN_INFINITE_RECURSION = YES;
				CLANG_WARN_INT_CONVERSION = YES;
				CLANG_WARN_NON_LITERAL_NULL_CONVERSION = YES;
				CLANG_WARN_OBJC_IMPLICIT_RETAIN_SELF = YES;
				CLANG_WARN_OBJC_LITERAL_CONVERSION = YES;
				CLANG_WARN_OBJC_ROOT_CLASS = YES_ERROR;
				CLANG_WARN_QUOTED_INCLUDE_IN_FRAMEWORK_HEADER = YES;
				CLANG_WARN_RANGE_LOOP_ANALYSIS = YES;
				CLANG_WARN_STRICT_PROTOTYPES = YES;
				CLANG_WARN_SUSPICIOUS_MOVE = YES;
				CLANG_WARN_UNGUARDED_AVAILABILITY = YES_AGGRESSIVE;
				CLANG_WARN_UNREACHABLE_CODE = YES;
				CLANG_WARN__DUPLICATE_METHOD_MATCH = YES;
				COPY_PHASE_STRIP = NO;
				CURRENT_PROJECT_VERSION = 1;
				DEBUG_INFORMATION_FORMAT = dwarf;
				ENABLE_STRICT_OBJC_MSGSEND = YES;
				ENABLE_TESTABILITY = YES;
				ENABLE_USER_SCRIPT_SANDBOXING = YES;
				GCC_C_LANGUAGE_STANDARD = gnu17;
				GCC_DYNAMIC_NO_PIC = NO;
				GCC_NO_COMMON_BLOCKS = YES;
				GCC_OPTIMIZATION_LEVEL = 0;
				GCC_PREPROCESSOR_DEFINITIONS = (
					"DEBUG=1",
					"$(inherited)",
				);
				GCC_WARN_64_TO_32_BIT_CONVERSION = YES;
				GCC_WARN_ABOUT_RETURN_TYPE = YES_ERROR;
				GCC_WARN_UNDECLARED_SELECTOR = YES;
				GCC_WARN_UNINITIALIZED_AUTOS = YES_AGGRESSIVE;
				GCC_WARN_UNUSED_FUNCTION = YES;
				GCC_WARN_UNUSED_VARIABLE = YES;
				IPHONEOS_DEPLOYMENT_TARGET = 17.5;
				LOCALIZATION_PREFERS_STRING_CATALOGS = YES;
				MTL_ENABLE_DEBUG_INFO = INCLUDE_SOURCE;
				MTL_FAST_MATH = YES;
				ONLY_ACTIVE_ARCH = YES;
				SDKROOT = iphoneos;
				SWIFT_ACTIVE_COMPILATION_CONDITIONS = "DEBUG $(inherited)";
				SWIFT_OPTIMIZATION_LEVEL = "-Onone";
				VERSIONING_SYSTEM = "apple-generic";
				VERSION_INFO_PREFIX = "";
			};
			name = Debug;
		};
		E5DB477F2CC7263300640C33 /* Release */ = {
			isa = XCBuildConfiguration;
			buildSettings = {
				ALWAYS_SEARCH_USER_PATHS = NO;
				ASSETCATALOG_COMPILER_GENERATE_SWIFT_ASSET_SYMBOL_EXTENSIONS = YES;
				CLANG_ANALYZER_NONNULL = YES;
				CLANG_ANALYZER_NUMBER_OBJECT_CONVERSION = YES_AGGRESSIVE;
				CLANG_CXX_LANGUAGE_STANDARD = "gnu++20";
				CLANG_ENABLE_MODULES = YES;
				CLANG_ENABLE_OBJC_ARC = YES;
				CLANG_ENABLE_OBJC_WEAK = YES;
				CLANG_WARN_BLOCK_CAPTURE_AUTORELEASING = YES;
				CLANG_WARN_BOOL_CONVERSION = YES;
				CLANG_WARN_COMMA = YES;
				CLANG_WARN_CONSTANT_CONVERSION = YES;
				CLANG_WARN_DEPRECATED_OBJC_IMPLEMENTATIONS = YES;
				CLANG_WARN_DIRECT_OBJC_ISA_USAGE = YES_ERROR;
				CLANG_WARN_DOCUMENTATION_COMMENTS = YES;
				CLANG_WARN_EMPTY_BODY = YES;
				CLANG_WARN_ENUM_CONVERSION = YES;
				CLANG_WARN_INFINITE_RECURSION = YES;
				CLANG_WARN_INT_CONVERSION = YES;
				CLANG_WARN_NON_LITERAL_NULL_CONVERSION = YES;
				CLANG_WARN_OBJC_IMPLICIT_RETAIN_SELF = YES;
				CLANG_WARN_OBJC_LITERAL_CONVERSION = YES;
				CLANG_WARN_OBJC_ROOT_CLASS = YES_ERROR;
				CLANG_WARN_QUOTED_INCLUDE_IN_FRAMEWORK_HEADER = YES;
				CLANG_WARN_RANGE_LOOP_ANALYSIS = YES;
				CLANG_WARN_STRICT_PROTOTYPES = YES;
				CLANG_WARN_SUSPICIOUS_MOVE = YES;
				CLANG_WARN_UNGUARDED_AVAILABILITY = YES_AGGRESSIVE;
				CLANG_WARN_UNREACHABLE_CODE = YES;
				CLANG_WARN__DUPLICATE_METHOD_MATCH = YES;
				COPY_PHASE_STRIP = NO;
				CURRENT_PROJECT_VERSION = 1;
				DEBUG_INFORMATION_FORMAT = "dwarf-with-dsym";
				ENABLE_NS_ASSERTIONS = NO;
				ENABLE_STRICT_OBJC_MSGSEND = YES;
				ENABLE_USER_SCRIPT_SANDBOXING = YES;
				GCC_C_LANGUAGE_STANDARD = gnu17;
				GCC_NO_COMMON_BLOCKS = YES;
				GCC_WARN_64_TO_32_BIT_CONVERSION = YES;
				GCC_WARN_ABOUT_RETURN_TYPE = YES_ERROR;
				GCC_WARN_UNDECLARED_SELECTOR = YES;
				GCC_WARN_UNINITIALIZED_AUTOS = YES_AGGRESSIVE;
				GCC_WARN_UNUSED_FUNCTION = YES;
				GCC_WARN_UNUSED_VARIABLE = YES;
				IPHONEOS_DEPLOYMENT_TARGET = 17.5;
				LOCALIZATION_PREFERS_STRING_CATALOGS = YES;
				MTL_ENABLE_DEBUG_INFO = NO;
				MTL_FAST_MATH = YES;
				SDKROOT = iphoneos;
				SWIFT_COMPILATION_MODE = wholemodule;
				VALIDATE_PRODUCT = YES;
				VERSIONING_SYSTEM = "apple-generic";
				VERSION_INFO_PREFIX = "";
			};
			name = Release;
		};
		E5DB47812CC7263300640C33 /* Debug */ = {
			isa = XCBuildConfiguration;
			buildSettings = {
				BUILD_LIBRARY_FOR_DISTRIBUTION = YES;
				CODE_SIGN_STYLE = Automatic;
				CURRENT_PROJECT_VERSION = 1;
				DEFINES_MODULE = YES;
				DEVELOPMENT_TEAM = TNNPKNN4HZ;
				DYLIB_COMPATIBILITY_VERSION = 1;
				DYLIB_CURRENT_VERSION = 1;
				DYLIB_INSTALL_NAME_BASE = "@rpath";
				ENABLE_MODULE_VERIFIER = YES;
				GENERATE_INFOPLIST_FILE = YES;
				INFOPLIST_KEY_NSHumanReadableCopyright = "";
				INSTALL_PATH = "$(LOCAL_LIBRARY_DIR)/Frameworks";
				LD_RUNPATH_SEARCH_PATHS = (
					"$(inherited)",
					"@executable_path/Frameworks",
					"@loader_path/Frameworks",
				);
				MARKETING_VERSION = 1.0;
				MODULE_VERIFIER_SUPPORTED_LANGUAGES = "objective-c objective-c++";
				MODULE_VERIFIER_SUPPORTED_LANGUAGE_STANDARDS = "gnu17 gnu++20";
				PRODUCT_BUNDLE_IDENTIFIER = com.apppppp.DeviceInsightKit;
				PRODUCT_NAME = "$(TARGET_NAME:c99extidentifier)";
				SKIP_INSTALL = YES;
				SWIFT_EMIT_LOC_STRINGS = YES;
				SWIFT_INSTALL_OBJC_HEADER = NO;
				SWIFT_VERSION = 5.0;
				TARGETED_DEVICE_FAMILY = "1,2";
			};
			name = Debug;
		};
		E5DB47822CC7263300640C33 /* Release */ = {
			isa = XCBuildConfiguration;
			buildSettings = {
				BUILD_LIBRARY_FOR_DISTRIBUTION = YES;
				CODE_SIGN_STYLE = Automatic;
				CURRENT_PROJECT_VERSION = 1;
				DEFINES_MODULE = YES;
				DEVELOPMENT_TEAM = TNNPKNN4HZ;
				DYLIB_COMPATIBILITY_VERSION = 1;
				DYLIB_CURRENT_VERSION = 1;
				DYLIB_INSTALL_NAME_BASE = "@rpath";
				ENABLE_MODULE_VERIFIER = YES;
				GENERATE_INFOPLIST_FILE = YES;
				INFOPLIST_KEY_NSHumanReadableCopyright = "";
				INSTALL_PATH = "$(LOCAL_LIBRARY_DIR)/Frameworks";
				LD_RUNPATH_SEARCH_PATHS = (
					"$(inherited)",
					"@executable_path/Frameworks",
					"@loader_path/Frameworks",
				);
				MARKETING_VERSION = 1.0;
				MODULE_VERIFIER_SUPPORTED_LANGUAGES = "objective-c objective-c++";
				MODULE_VERIFIER_SUPPORTED_LANGUAGE_STANDARDS = "gnu17 gnu++20";
				PRODUCT_BUNDLE_IDENTIFIER = com.apppppp.DeviceInsightKit;
				PRODUCT_NAME = "$(TARGET_NAME:c99extidentifier)";
				SKIP_INSTALL = YES;
				SWIFT_EMIT_LOC_STRINGS = YES;
				SWIFT_INSTALL_OBJC_HEADER = NO;
				SWIFT_VERSION = 5.0;
				TARGETED_DEVICE_FAMILY = "1,2";
			};
			name = Release;
		};
		E5DB47842CC7263300640C33 /* Debug */ = {
			isa = XCBuildConfiguration;
			buildSettings = {
				ALWAYS_EMBED_SWIFT_STANDARD_LIBRARIES = YES;
				CODE_SIGN_STYLE = Automatic;
				CURRENT_PROJECT_VERSION = 1;
				DEVELOPMENT_TEAM = TNNPKNN4HZ;
				GENERATE_INFOPLIST_FILE = YES;
				MARKETING_VERSION = 1.0;
				PRODUCT_BUNDLE_IDENTIFIER = com.apppppp.DeviceInsightKitTests;
				PRODUCT_NAME = "$(TARGET_NAME)";
				SWIFT_EMIT_LOC_STRINGS = NO;
				SWIFT_VERSION = 5.0;
				TARGETED_DEVICE_FAMILY = "1,2";
			};
			name = Debug;
		};
		E5DB47852CC7263300640C33 /* Release */ = {
			isa = XCBuildConfiguration;
			buildSettings = {
				ALWAYS_EMBED_SWIFT_STANDARD_LIBRARIES = YES;
				CODE_SIGN_STYLE = Automatic;
				CURRENT_PROJECT_VERSION = 1;
				DEVELOPMENT_TEAM = TNNPKNN4HZ;
				GENERATE_INFOPLIST_FILE = YES;
				MARKETING_VERSION = 1.0;
				PRODUCT_BUNDLE_IDENTIFIER = com.apppppp.DeviceInsightKitTests;
				PRODUCT_NAME = "$(TARGET_NAME)";
				SWIFT_EMIT_LOC_STRINGS = NO;
				SWIFT_VERSION = 5.0;
				TARGETED_DEVICE_FAMILY = "1,2";
			};
			name = Release;
		};
		E5DB47A62CC7296700640C33 /* Debug */ = {
			isa = XCBuildConfiguration;
			buildSettings = {
				ASSETCATALOG_COMPILER_APPICON_NAME = AppIcon;
				ASSETCATALOG_COMPILER_GLOBAL_ACCENT_COLOR_NAME = AccentColor;
				CODE_SIGN_STYLE = Automatic;
				CURRENT_PROJECT_VERSION = 1;
				DEVELOPMENT_TEAM = TNNPKNN4HZ;
				GENERATE_INFOPLIST_FILE = YES;
				INFOPLIST_FILE = DeviceInsightKitSampleApp/Info.plist;
				INFOPLIST_KEY_UIApplicationSupportsIndirectInputEvents = YES;
				INFOPLIST_KEY_UILaunchStoryboardName = LaunchScreen;
				INFOPLIST_KEY_UIMainStoryboardFile = Main;
				INFOPLIST_KEY_UISupportedInterfaceOrientations_iPad = "UIInterfaceOrientationPortrait UIInterfaceOrientationPortraitUpsideDown UIInterfaceOrientationLandscapeLeft UIInterfaceOrientationLandscapeRight";
				INFOPLIST_KEY_UISupportedInterfaceOrientations_iPhone = "UIInterfaceOrientationPortrait UIInterfaceOrientationLandscapeLeft UIInterfaceOrientationLandscapeRight";
				IPHONEOS_DEPLOYMENT_TARGET = 13.0;
				LD_RUNPATH_SEARCH_PATHS = (
					"$(inherited)",
					"@executable_path/Frameworks",
				);
				MARKETING_VERSION = 1.0;
				PRODUCT_BUNDLE_IDENTIFIER = com.apppppp.DeviceInsightKitSampleApp;
				PRODUCT_NAME = "$(TARGET_NAME)";
				SWIFT_EMIT_LOC_STRINGS = YES;
				SWIFT_VERSION = 5.0;
				TARGETED_DEVICE_FAMILY = "1,2";
			};
			name = Debug;
		};
		E5DB47A72CC7296700640C33 /* Release */ = {
			isa = XCBuildConfiguration;
			buildSettings = {
				ASSETCATALOG_COMPILER_APPICON_NAME = AppIcon;
				ASSETCATALOG_COMPILER_GLOBAL_ACCENT_COLOR_NAME = AccentColor;
				CODE_SIGN_STYLE = Automatic;
				CURRENT_PROJECT_VERSION = 1;
				DEVELOPMENT_TEAM = TNNPKNN4HZ;
				GENERATE_INFOPLIST_FILE = YES;
				INFOPLIST_FILE = DeviceInsightKitSampleApp/Info.plist;
				INFOPLIST_KEY_UIApplicationSupportsIndirectInputEvents = YES;
				INFOPLIST_KEY_UILaunchStoryboardName = LaunchScreen;
				INFOPLIST_KEY_UIMainStoryboardFile = Main;
				INFOPLIST_KEY_UISupportedInterfaceOrientations_iPad = "UIInterfaceOrientationPortrait UIInterfaceOrientationPortraitUpsideDown UIInterfaceOrientationLandscapeLeft UIInterfaceOrientationLandscapeRight";
				INFOPLIST_KEY_UISupportedInterfaceOrientations_iPhone = "UIInterfaceOrientationPortrait UIInterfaceOrientationLandscapeLeft UIInterfaceOrientationLandscapeRight";
				IPHONEOS_DEPLOYMENT_TARGET = 13.0;
				LD_RUNPATH_SEARCH_PATHS = (
					"$(inherited)",
					"@executable_path/Frameworks",
				);
				MARKETING_VERSION = 1.0;
				PRODUCT_BUNDLE_IDENTIFIER = com.apppppp.DeviceInsightKitSampleApp;
				PRODUCT_NAME = "$(TARGET_NAME)";
				SWIFT_EMIT_LOC_STRINGS = YES;
				SWIFT_VERSION = 5.0;
				TARGETED_DEVICE_FAMILY = "1,2";
			};
			name = Release;
		};
/* End XCBuildConfiguration section */

/* Begin XCConfigurationList section */
		E5DB47662CC7263300640C33 /* Build configuration list for PBXProject "DeviceInsightKit" */ = {
			isa = XCConfigurationList;
			buildConfigurations = (
				E5DB477E2CC7263300640C33 /* Debug */,
				E5DB477F2CC7263300640C33 /* Release */,
			);
			defaultConfigurationIsVisible = 0;
			defaultConfigurationName = Release;
		};
		E5DB47802CC7263300640C33 /* Build configuration list for PBXNativeTarget "DeviceInsightKit" */ = {
			isa = XCConfigurationList;
			buildConfigurations = (
				E5DB47812CC7263300640C33 /* Debug */,
				E5DB47822CC7263300640C33 /* Release */,
			);
			defaultConfigurationIsVisible = 0;
			defaultConfigurationName = Release;
		};
		E5DB47832CC7263300640C33 /* Build configuration list for PBXNativeTarget "DeviceInsightKitTests" */ = {
			isa = XCConfigurationList;
			buildConfigurations = (
				E5DB47842CC7263300640C33 /* Debug */,
				E5DB47852CC7263300640C33 /* Release */,
			);
			defaultConfigurationIsVisible = 0;
			defaultConfigurationName = Release;
		};
		E5DB47A52CC7296700640C33 /* Build configuration list for PBXNativeTarget "DeviceInsightKitSampleApp" */ = {
			isa = XCConfigurationList;
			buildConfigurations = (
				E5DB47A62CC7296700640C33 /* Debug */,
				E5DB47A72CC7296700640C33 /* Release */,
			);
			defaultConfigurationIsVisible = 0;
			defaultConfigurationName = Release;
		};
/* End XCConfigurationList section */
	};
	rootObject = E5DB47632CC7263300640C33 /* Project object */;
}
